
Microsoft Visual Studio Solution File, Format Version 12.00
# Visual Studio 2013
VisualStudioVersion = 12.0.30501.0
MinimumVisualStudioVersion = 10.0.40219.1
Project("{FAE04EC0-301F-11D3-BF4B-00C04F79EFBC}") = "ProjectEuler", "ProjectEuler\ProjectEuler.csproj", "{CF7C205C-6792-45BE-8C35-F030A7BBF52B}"
EndProject
Project("{FAE04EC0-301F-11D3-BF4B-00C04F79EFBC}") = "SmallestMultiple", "SmallestMultiple\SmallestMultiple.csproj", "{261F86A0-3D7B-4782-B2EE-41CDEA2457CD}"
EndProject
Project("{FAE04EC0-301F-11D3-BF4B-00C04F79EFBC}") = "SumSquareDifference", "SumSquareDifference\SumSquareDifference.csproj", "{AE9C893F-E190-4976-9D17-71C327522627}"
EndProject
Global
	GlobalSection(SolutionConfigurationPlatforms) = preSolution
		Debug|Any CPU = Debug|Any CPU
		Release|Any CPU = Release|Any CPU
	EndGlobalSection
	GlobalSection(ProjectConfigurationPlatforms) = postSolution
		{CF7C205C-6792-45BE-8C35-F030A7BBF52B}.Debug|Any CPU.ActiveCfg = Debug|Any CPU
		{CF7C205C-6792-45BE-8C35-F030A7BBF52B}.Debug|Any CPU.Build.0 = Debug|Any CPU
		{CF7C205C-6792-45BE-8C35-F030A7BBF52B}.Release|Any CPU.ActiveCfg = Release|Any CPU
		{CF7C205C-6792-45BE-8C35-F030A7BBF52B}.Release|Any CPU.Build.0 = Release|Any CPU
		{261F86A0-3D7B-4782-B2EE-41CDEA2457CD}.Debug|Any CPU.ActiveCfg = Debug|Any CPU
		{261F86A0-3D7B-4782-B2EE-41CDEA2457CD}.Debug|Any CPU.Build.0 = Debug|Any CPU
		{261F86A0-3D7B-4782-B2EE-41CDEA2457CD}.Release|Any CPU.ActiveCfg = Release|Any CPU
		{261F86A0-3D7B-4782-B2EE-41CDEA2457CD}.Release|Any CPU.Build.0 = Release|Any CPU
		{AE9C893F-E190-4976-9D17-71C327522627}.Debug|Any CPU.ActiveCfg = Debug|Any CPU
		{AE9C893F-E190-4976-9D17-71C327522627}.Debug|Any CPU.Build.0 = Debug|Any CPU
		{AE9C893F-E190-4976-9D17-71C327522627}.Release|Any CPU.ActiveCfg = Release|Any CPU
		{AE9C893F-E190-4976-9D17-71C327522627}.Release|Any CPU.Build.0 = Release|Any CPU
	EndGlobalSection
	GlobalSection(SolutionProperties) = preSolution
		HideSolutionNode = FALSE
	EndGlobalSection
EndGlobal
